source: https://raw.githubusercontent.com/stencila/stencila/refs/heads/main/docs/reference/schema/prose/quote-block.md
description: Schema reference for  prose quote-block
title: Schema -  prose quote-block
config:
  publish:
    ghost:
      tags: ['#schema', '#doc', 'Prose']
      state: publish
      type: post
